
Microsoft Visual Studio Solution File, Format Version 12.00
# Visual Studio Version 17
VisualStudioVersion = 17.6.33815.320
MinimumVisualStudioVersion = 10.0.40219.1
Project("{FAE04EC0-301F-11D3-BF4B-00C04F79EFBC}") = "FlowTask", "FlowTask\FlowTask.csproj", "{1C0E92A9-0783-4CD9-9B6D-09F6C83A252E}"
EndProject
Global
	GlobalSection(SolutionConfigurationPlatforms) = preSolution
		Debug|Any CPU = Debug|Any CPU
		Release|Any CPU = Release|Any CPU
	EndGlobalSection
	GlobalSection(ProjectConfigurationPlatforms) = postSolution
		{1C0E92A9-0783-4CD9-9B6D-09F6C83A252E}.Debug|Any CPU.ActiveCfg = Debug|Any CPU
		{1C0E92A9-0783-4CD9-9B6D-09F6C83A252E}.Debug|Any CPU.Build.0 = Debug|Any CPU
		{1C0E92A9-0783-4CD9-9B6D-09F6C83A252E}.Release|Any CPU.ActiveCfg = Release|Any CPU
		{1C0E92A9-0783-4CD9-9B6D-09F6C83A252E}.Release|Any CPU.Build.0 = Release|Any CPU
	EndGlobalSection
	GlobalSection(SolutionProperties) = preSolution
		HideSolutionNode = FALSE
	EndGlobalSection
	GlobalSection(ExtensibilityGlobals) = postSolution
		SolutionGuid = {78BAD6C4-6391-44BD-B6CC-6AD9E5EE375D}
	EndGlobalSection
EndGlobal
